
Microsoft Visual Studio Solution File, Format Version 11.00
# Visual Studio 2010
Project("{FAE04EC0-301F-11D3-BF4B-00C04F79EFBC}") = "Game1.3", "Assembly-CSharp.csproj", "{4F17F798-AE66-B825-6463-FA7B67B23C39}"
EndProject
Project("{FAE04EC0-301F-11D3-BF4B-00C04F79EFBC}") = "Game1.3", "Assembly-CSharp-firstpass.csproj", "{5E0FBA2E-FF72-9D76-02C4-F54B3ECCC59B}"
EndProject
Project("{FAE04EC0-301F-11D3-BF4B-00C04F79EFBC}") = "Game1.3", "Assembly-CSharp-Editor.csproj", "{D10CC57A-0624-664C-014F-E344371E450C}"
EndProject
Project("{FAE04EC0-301F-11D3-BF4B-00C04F79EFBC}") = "Game1.3", "Assembly-CSharp-Editor-firstpass.csproj", "{8D84627C-27E2-08E6-E760-0E42076D3C32}"
EndProject
Global
	GlobalSection(SolutionConfigurationPlatforms) = preSolution
		Debug|Any CPU = Debug|Any CPU
		Release|Any CPU = Release|Any CPU
	EndGlobalSection
	GlobalSection(ProjectConfigurationPlatforms) = postSolution
		{4F17F798-AE66-B825-6463-FA7B67B23C39}.Debug|Any CPU.ActiveCfg = Debug|Any CPU
		{4F17F798-AE66-B825-6463-FA7B67B23C39}.Debug|Any CPU.Build.0 = Debug|Any CPU
		{4F17F798-AE66-B825-6463-FA7B67B23C39}.Release|Any CPU.ActiveCfg = Release|Any CPU
		{4F17F798-AE66-B825-6463-FA7B67B23C39}.Release|Any CPU.Build.0 = Release|Any CPU
		{5E0FBA2E-FF72-9D76-02C4-F54B3ECCC59B}.Debug|Any CPU.ActiveCfg = Debug|Any CPU
		{5E0FBA2E-FF72-9D76-02C4-F54B3ECCC59B}.Debug|Any CPU.Build.0 = Debug|Any CPU
		{5E0FBA2E-FF72-9D76-02C4-F54B3ECCC59B}.Release|Any CPU.ActiveCfg = Release|Any CPU
		{5E0FBA2E-FF72-9D76-02C4-F54B3ECCC59B}.Release|Any CPU.Build.0 = Release|Any CPU
		{D10CC57A-0624-664C-014F-E344371E450C}.Debug|Any CPU.ActiveCfg = Debug|Any CPU
		{D10CC57A-0624-664C-014F-E344371E450C}.Debug|Any CPU.Build.0 = Debug|Any CPU
		{D10CC57A-0624-664C-014F-E344371E450C}.Release|Any CPU.ActiveCfg = Release|Any CPU
		{D10CC57A-0624-664C-014F-E344371E450C}.Release|Any CPU.Build.0 = Release|Any CPU
		{8D84627C-27E2-08E6-E760-0E42076D3C32}.Debug|Any CPU.ActiveCfg = Debug|Any CPU
		{8D84627C-27E2-08E6-E760-0E42076D3C32}.Debug|Any CPU.Build.0 = Debug|Any CPU
		{8D84627C-27E2-08E6-E760-0E42076D3C32}.Release|Any CPU.ActiveCfg = Release|Any CPU
		{8D84627C-27E2-08E6-E760-0E42076D3C32}.Release|Any CPU.Build.0 = Release|Any CPU
	EndGlobalSection
	GlobalSection(SolutionProperties) = preSolution
		HideSolutionNode = FALSE
	EndGlobalSection
	GlobalSection(MonoDevelopProperties) = preSolution
		StartupItem = Assembly-CSharp.csproj
	EndGlobalSection
EndGlobal
